<Solution>
  <Folder Name="/Solution Items/">
    <File Path="README.md" />
  </Folder>
  <Project Path="DeviceDataBackend/DeviceDataBackend.csproj" />
  <Project Path="DeviceDataFrontend/DeviceDataFrontend.csproj" />
  <Project Path="DeviceDataModels/DeviceDataModels.csproj" />
  <Project Path="DeviceDataTests/DeviceDataTests.csproj" />
</Solution>
